# This file is machine-generated by `gh actions-lock`.
# Do not edit by hand; run `gh actions-lock` to update.
# Docs: https://gh.io/actions-lockfile
version: 'v0.0.2'
workflows:
    '.github/workflows/build.yml':
        - 'actions/cache@v5.1.0'
        - 'actions/checkout@v6.1.0'
        - 'dependabot/fetch-metadata@v2.5.0'
        - 'devcontainers/ci@v0.3.1900000450'
        - 'jlumbroso/free-disk-space@v1.3.1'
    '.github/workflows/release.yml':
        - 'actions/checkout@v6.1.0'
        - 'devcontainers/ci@v0.3.1900000450'
        - 'docker/login-action@v3.7.0'
        - 'googleapis/release-please-action@v4.4.1'
        - 'jlumbroso/free-disk-space@v1.3.1'
dependencies:
    'actions/cache@v5.1.0':
        ref: 'v5.1.0'
        commit: 'sha1-caa296126883cff596d87d8935842f9db880ef25'
        owner_id: 44036562
        repo_id: 215566462
    'actions/checkout@v6.1.0':
        ref: 'v6.1.0'
        commit: 'sha1-d23441a48e516b6c34aea4fa41551a30e30af803'
        owner_id: 44036562
        repo_id: 197814629
    'dependabot/fetch-metadata@v2.5.0':
        ref: 'v2.5.0'
        commit: 'sha1-21025c705c08248db411dc16f3619e6b5f9ea21a'
        owner_id: 27347476
        repo_id: 371068214
    'devcontainers/ci@v0.3.1900000450':
        ref: 'v0.3.1900000450'
        commit: 'sha1-513af61f4de4f75d37e4438f184ba4358f0fc1ca'
        owner_id: 102692984
        repo_id: 373839873
    'docker/login-action@v3.7.0':
        ref: 'v3.7.0'
        commit: 'sha1-c94ce9fb468520275223c153574b00df6fe4bcc9'
        owner_id: 5429470
        repo_id: 287743349
    'googleapis/release-please-action@v4.4.1':
        ref: 'v4.4.1'
        commit: 'sha1-5c625bfb5d1ff62eadeeb3772007f7f66fdcf071'
        owner_id: 16785467
        repo_id: 262236530
    'jlumbroso/free-disk-space@v1.3.1':
        ref: 'v1.3.1'
        commit: 'sha1-54081f138730dfa15788a46383842cd2f914a1be'
        owner_id: 11770469
        repo_id: 506133999
